
Microsoft Visual Studio Solution File, Format Version 12.00
Project("{FAE04EC0-301F-11D3-BF4B-00C04F79EFBC}") = "Otw.WebApp", "Otw.WebApp\Otw.WebApp.csproj", "{AC10AF0B-3700-4AC0-9DE6-C9400512566C}"
EndProject
Project("{FAE04EC0-301F-11D3-BF4B-00C04F79EFBC}") = "Otw.WebApp.Tests", "Otw.WebApp.Tests\Otw.WebApp.Tests.csproj", "{3A2CCB0C-5FD4-4D22-ADFF-B2AA99DD9404}"
EndProject
Project("{FAE04EC0-301F-11D3-BF4B-00C04F79EFBC}") = "Otw.Core", "Otw.Core\Otw.Core.csproj", "{B399F2BB-FB6F-4D72-8DB0-51BDAE0E6A30}"
EndProject
Global
	GlobalSection(SolutionConfigurationPlatforms) = preSolution
		Debug|Any CPU = Debug|Any CPU
		Release|Any CPU = Release|Any CPU
	EndGlobalSection
	GlobalSection(ProjectConfigurationPlatforms) = postSolution
		{AC10AF0B-3700-4AC0-9DE6-C9400512566C}.Debug|Any CPU.ActiveCfg = Debug|Any CPU
		{AC10AF0B-3700-4AC0-9DE6-C9400512566C}.Debug|Any CPU.Build.0 = Debug|Any CPU
		{AC10AF0B-3700-4AC0-9DE6-C9400512566C}.Release|Any CPU.ActiveCfg = Release|Any CPU
		{AC10AF0B-3700-4AC0-9DE6-C9400512566C}.Release|Any CPU.Build.0 = Release|Any CPU
		{3A2CCB0C-5FD4-4D22-ADFF-B2AA99DD9404}.Debug|Any CPU.ActiveCfg = Debug|Any CPU
		{3A2CCB0C-5FD4-4D22-ADFF-B2AA99DD9404}.Debug|Any CPU.Build.0 = Debug|Any CPU
		{3A2CCB0C-5FD4-4D22-ADFF-B2AA99DD9404}.Release|Any CPU.ActiveCfg = Release|Any CPU
		{3A2CCB0C-5FD4-4D22-ADFF-B2AA99DD9404}.Release|Any CPU.Build.0 = Release|Any CPU
		{B399F2BB-FB6F-4D72-8DB0-51BDAE0E6A30}.Debug|Any CPU.ActiveCfg = Debug|Any CPU
		{B399F2BB-FB6F-4D72-8DB0-51BDAE0E6A30}.Debug|Any CPU.Build.0 = Debug|Any CPU
		{B399F2BB-FB6F-4D72-8DB0-51BDAE0E6A30}.Release|Any CPU.ActiveCfg = Release|Any CPU
		{B399F2BB-FB6F-4D72-8DB0-51BDAE0E6A30}.Release|Any CPU.Build.0 = Release|Any CPU
	EndGlobalSection
EndGlobal
